
Microsoft Visual Studio Solution File, Format Version 12.00
# Visual Studio Version 16
VisualStudioVersion = 16.0.32002.261
MinimumVisualStudioVersion = 10.0.40219.1
Project("{9A19103F-16F7-4668-BE54-9A1E7A4F7556}") = "TerminalMasterWPF", "TerminalMasterWPF\TerminalMasterWPF.csproj", "{89040151-35EE-4BA7-8E8B-6C81A2D04C57}"
EndProject
Global
	GlobalSection(SolutionConfigurationPlatforms) = preSolution
		Debug|Any CPU = Debug|Any CPU
		Release|Any CPU = Release|Any CPU
	EndGlobalSection
	GlobalSection(ProjectConfigurationPlatforms) = postSolution
		{89040151-35EE-4BA7-8E8B-6C81A2D04C57}.Debug|Any CPU.ActiveCfg = Debug|Any CPU
		{89040151-35EE-4BA7-8E8B-6C81A2D04C57}.Debug|Any CPU.Build.0 = Debug|Any CPU
		{89040151-35EE-4BA7-8E8B-6C81A2D04C57}.Release|Any CPU.ActiveCfg = Release|Any CPU
		{89040151-35EE-4BA7-8E8B-6C81A2D04C57}.Release|Any CPU.Build.0 = Release|Any CPU
	EndGlobalSection
	GlobalSection(SolutionProperties) = preSolution
		HideSolutionNode = FALSE
	EndGlobalSection
	GlobalSection(ExtensibilityGlobals) = postSolution
		SolutionGuid = {8EC1DB47-5F54-48FD-96D7-5789839C27E1}
	EndGlobalSection
EndGlobal
